// !$*UTF8*$!
{
	archiveVersion = 1;
	classes = {
	};
	objectVersion = 46;
	objects = {

/* Begin PBXBuildFile section */
		BFBA57631790056800CD94C9 /* Foundation.framework in Frameworks */ = {isa = PBXBuildFile; fileRef = BFBA57621790056800CD94C9 /* Foundation.framework */; };
		BFBA57651790056800CD94C9 /* CoreGraphics.framework in Frameworks */ = {isa = PBXBuildFile; fileRef = BFBA57641790056800CD94C9 /* CoreGraphics.framework */; };
		BFBA57671790056800CD94C9 /* UIKit.framework in Frameworks */ = {isa = PBXBuildFile; fileRef = BFBA57661790056800CD94C9 /* UIKit.framework */; };
		BFBA576D1790056800CD94C9 /* InfoPlist.strings in Resources */ = {isa = PBXBuildFile; fileRef = BFBA576B1790056800CD94C9 /* InfoPlist.strings */; };
		BFBA576F1790056800CD94C9 /* main.m in Sources */ = {isa = PBXBuildFile; fileRef = BFBA576E1790056800CD94C9 /* main.m */; };
		BFBA57731790056800CD94C9 /* AppDelegate.m in Sources */ = {isa = PBXBuildFile; fileRef = BFBA57721790056800CD94C9 /* AppDelegate.m */; };
		BFBA57761790056800CD94C9 /* Main.storyboard in Resources */ = {isa = PBXBuildFile; fileRef = BFBA57741790056800CD94C9 /* Main.storyboard */; };
		BFBA57791790056800CD94C9 /* ViewController.m in Sources */ = {isa = PBXBuildFile; fileRef = BFBA57781790056800CD94C9 /* ViewController.m */; };
		BFBA577B1790056800CD94C9 /* Images.xcassets in Resources */ = {isa = PBXBuildFile; fileRef = BFBA577A1790056800CD94C9 /* Images.xcassets */; };
		BFBA57821790056800CD94C9 /* XCTest.framework in Frameworks */ = {isa = PBXBuildFile; fileRef = BFBA57811790056800CD94C9 /* XCTest.framework */; };
		BFBA57831790056800CD94C9 /* Foundation.framework in Frameworks */ = {isa = PBXBuildFile; fileRef = BFBA57621790056800CD94C9 /* Foundation.framework */; };
		BFBA57841790056800CD94C9 /* UIKit.framework in Frameworks */ = {isa = PBXBuildFile; fileRef = BFBA57661790056800CD94C9 /* UIKit.framework */; };
		BFBA578C1790056800CD94C9 /* InfoPlist.strings in Resources */ = {isa = PBXBuildFile; fileRef = BFBA578A1790056800CD94C9 /* InfoPlist.strings */; };
		BFBA578E1790056800CD94C9 /* MyProjectTests.m in Sources */ = {isa = PBXBuildFile; fileRef = BFBA578D1790056800CD94C9 /* MyProjectTests.m */; };
/* End PBXBuildFile section */

/* Begin PBXContainerItemProxy section */
		BFBA57851790056800CD94C9 /* PBXContainerItemProxy */ = {
			isa = PBXContainerItemProxy;
			containerPortal = BFBA57571790056800CD94C9 /* Project object */;
			proxyType = 1;
			remoteGlobalIDString = BFBA575E1790056800CD94C9;
			remoteInfo = MyProject;
		};
/* End PBXContainerItemProxy section */

/* Begin PBXFileReference section */
		BFBA575F1790056800CD94C9 /* MyProject.app */ = {isa = PBXFileReference; explicitFileType = wrapper.application; includeInIndex = 0; path = MyProject.app; sourceTree = BUILT_PRODUCTS_DIR; };
		BFBA57621790056800CD94C9 /* Foundation.framework */ = {isa = PBXFileReference; lastKnownFileType = wrapper.framework; name = Foundation.framework; path = System/Library/Frameworks/Foundation.framework; sourceTree = SDKROOT; };
		BFBA57641790056800CD94C9 /* CoreGraphics.framework */ = {isa = PBXFileReference; lastKnownFileType = wrapper.framework; name = CoreGraphics.framework; path = System/Library/Frameworks/CoreGraphics.framework; sourceTree = SDKROOT; };
		BFBA57661790056800CD94C9 /* UIKit.framework */ = {isa = PBXFileReference; lastKnownFileType = wrapper.framework; name = UIKit.framework; path = System/Library/Frameworks/UIKit.framework; sourceTree = SDKROOT; };
		BFBA576A1790056800CD94C9 /* MyProject-Info.plist */ = {isa = PBXFileReference; lastKnownFileType = text.plist.xml; path = "MyProject-Info.plist"; sourceTree = "<group>"; };
		BFBA576C1790056800CD94C9 /* en */ = {isa = PBXFileReference; lastKnownFileType = text.plist.strings; name = en; path = en.lproj/InfoPlist.strings; sourceTree = "<group>"; };
		BFBA576E1790056800CD94C9 /* main.m */ = {isa = PBXFileReference; lastKnownFileType = sourcecode.c.objc; path = main.m; sourceTree = "<group>"; };
		BFBA57701790056800CD94C9 /* MyProject-Prefix.pch */ = {isa = PBXFileReference; lastKnownFileType = sourcecode.c.h; path = "MyProject-Prefix.pch"; sourceTree = "<group>"; };
		BFBA57711790056800CD94C9 /* AppDelegate.h */ = {isa = PBXFileReference; lastKnownFileType = sourcecode.c.h; path = AppDelegate.h; sourceTree = "<group>"; };
		BFBA57721790056800CD94C9 /* AppDelegate.m */ = {isa = PBXFileReference; lastKnownFileType = sourcecode.c.objc; path = AppDelegate.m; sourceTree = "<group>"; };
		BFBA57751790056800CD94C9 /* Base */ = {isa = PBXFileReference; lastKnownFileType = file.storyboard; name = Base; path = Base.lproj/Main.storyboard; sourceTree = "<group>"; };
		BFBA57771790056800CD94C9 /* ViewController.h */ = {isa = PBXFileReference; lastKnownFileType = sourcecode.c.h; path = ViewController.h; sourceTree = "<group>"; };
		BFBA57781790056800CD94C9 /* ViewController.m */ = {isa = PBXFileReference; lastKnownFileType = sourcecode.c.objc; path = ViewController.m; sourceTree = "<group>"; };
		BFBA577A1790056800CD94C9 /* Images.xcassets */ = {isa = PBXFileReference; lastKnownFileType = folder.assetcatalog; path = Images.xcassets; sourceTree = "<group>"; };
		BFBA57801790056800CD94C9 /* MyProjectTests.xctest */ = {isa = PBXFileReference; explicitFileType = wrapper.cfbundle; includeInIndex = 0; path = MyProjectTests.xctest; sourceTree = BUILT_PRODUCTS_DIR; };
		BFBA57811790056800CD94C9 /* XCTest.framework */ = {isa = PBXFileReference; lastKnownFileType = wrapper.framework; name = XCTest.framework; path = Library/Frameworks/XCTest.framework; sourceTree = DEVELOPER_DIR; };
		BFBA57891790056800CD94C9 /* MyProjectTests-Info.plist */ = {isa = PBXFileReference; lastKnownFileType = text.plist.xml; path = "MyProjectTests-Info.plist"; sourceTree = "<group>"; };
		BFBA578B1790056800CD94C9 /* en */ = {isa = PBXFileReference; lastKnownFileType = text.plist.strings; name = en; path = en.lproj/InfoPlist.strings; sourceTree = "<group>"; };
		BFBA578D1790056800CD94C9 /* MyProjectTests.m */ = {isa = PBXFileReference; lastKnownFileType = sourcecode.c.objc; path = MyProjectTests.m; sourceTree = "<group>"; };
/* End PBXFileReference section */

/* Begin PBXFrameworksBuildPhase section */
		BFBA575C1790056800CD94C9 /* Frameworks */ = {
			isa = PBXFrameworksBuildPhase;
			buildActionMask = 2147483647;
			files = (
				BFBA57651790056800CD94C9 /* CoreGraphics.framework in Frameworks */,
				BFBA57671790056800CD94C9 /* UIKit.framework in Frameworks */,
				BFBA57631790056800CD94C9 /* Foundation.framework in Frameworks */,
			);
			runOnlyForDeploymentPostprocessing = 0;
		};
		BFBA577D1790056800CD94C9 /* Frameworks */ = {
			isa = PBXFrameworksBuildPhase;
			buildActionMask = 2147483647;
			files = (
				BFBA57821790056800CD94C9 /* XCTest.framework in Frameworks */,
				BFBA57841790056800CD94C9 /* UIKit.framework in Frameworks */,
				BFBA57831790056800CD94C9 /* Foundation.framework in Frameworks */,
			);
			runOnlyForDeploymentPostprocessing = 0;
		};
/* End PBXFrameworksBuildPhase section */

/* Begin PBXGroup section */
		BFBA57561790056800CD94C9 = {
			isa = PBXGroup;
			children = (
				BFBA57681790056800CD94C9 /* MyProject */,
				BFBA57871790056800CD94C9 /* MyProjectTests */,
				BFBA57611790056800CD94C9 /* Frameworks */,
				BFBA57601790056800CD94C9 /* Products */,
			);
			sourceTree = "<group>";
		};
		BFBA57601790056800CD94C9 /* Products */ = {
			isa = PBXGroup;
			children = (
				BFBA575F1790056800CD94C9 /* MyProject.app */,
				BFBA57801790056800CD94C9 /* MyProjectTests.xctest */,
			);
			name = Products;
			sourceTree = "<group>";
		};
		BFBA57611790056800CD94C9 /* Frameworks */ = {
			isa = PBXGroup;
			children = (
				BFBA57621790056800CD94C9 /* Foundation.framework */,
				BFBA57641790056800CD94C9 /* CoreGraphics.framework */,
				BFBA57661790056800CD94C9 /* UIKit.framework */,
				BFBA57811790056800CD94C9 /* XCTest.framework */,
			);
			name = Frameworks;
			sourceTree = "<group>";
		};
		BFBA57681790056800CD94C9 /* MyProject */ = {
			isa = PBXGroup;
			children = (
				BFBA57711790056800CD94C9 /* AppDelegate.h */,
				BFBA57721790056800CD94C9 /* AppDelegate.m */,
				BFBA57741790056800CD94C9 /* Main.storyboard */,
				BFBA57771790056800CD94C9 /* ViewController.h */,
				BFBA57781790056800CD94C9 /* ViewController.m */,
				BFBA577A1790056800CD94C9 /* Images.xcassets */,
				BFBA57691790056800CD94C9 /* Supporting Files */,
			);
			path = MyProject;
			sourceTree = "<group>";
		};
		BFBA57691790056800CD94C9 /* Supporting Files */ = {
			isa = PBXGroup;
			children = (
				BFBA576A1790056800CD94C9 /* MyProject-Info.plist */,
				BFBA576B1790056800CD94C9 /* InfoPlist.strings */,
				BFBA576E1790056800CD94C9 /* main.m */,
				BFBA57701790056800CD94C9 /* MyProject-Prefix.pch */,
			);
			name = "Supporting Files";
			sourceTree = "<group>";
		};
		BFBA57871790056800CD94C9 /* MyProjectTests */ = {
			isa = PBXGroup;
			children = (
				BFBA578D1790056800CD94C9 /* MyProjectTests.m */,
				BFBA57881790056800CD94C9 /* Supporting Files */,
			);
			path = MyProjectTests;
			sourceTree = "<group>";
		};
		BFBA57881790056800CD94C9 /* Supporting Files */ = {
			isa = PBXGroup;
			children = (
				BFBA57891790056800CD94C9 /* MyProjectTests-Info.plist */,
				BFBA578A1790056800CD94C9 /* InfoPlist.strings */,
			);
			name = "Supporting Files";
			sourceTree = "<group>";
		};
/* End PBXGroup section */

/* Begin PBXNativeTarget section */
		BFBA575E1790056800CD94C9 /* MyProject */ = {
			isa = PBXNativeTarget;
			buildConfigurationList = BFBA57911790056800CD94C9 /* Build configuration list for PBXNativeTarget "MyProject" */;
			buildPhases = (
				BFBA575B1790056800CD94C9 /* Sources */,
				BFBA575C1790056800CD94C9 /* Frameworks */,
				BFBA575D1790056800CD94C9 /* Resources */,
			);
			buildRules = (
			);
			dependencies = (
			);
			name = MyProject;
			productName = MyProject;
			productReference = BFBA575F1790056800CD94C9 /* MyProject.app */;
			productType = "com.apple.product-type.application";
		};
		BFBA577F1790056800CD94C9 /* MyProjectTests */ = {
			isa = PBXNativeTarget;
			buildConfigurationList = BFBA57941790056800CD94C9 /* Build configuration list for PBXNativeTarget "MyProjectTests" */;
			buildPhases = (
				BFBA577C1790056800CD94C9 /* Sources */,
				BFBA577D1790056800CD94C9 /* Frameworks */,
				BFBA577E1790056800CD94C9 /* Resources */,
			);
			buildRules = (
			);
			dependencies = (
				BFBA57861790056800CD94C9 /* PBXTargetDependency */,
			);
			name = MyProjectTests;
			productName = MyProjectTests;
			productReference = BFBA57801790056800CD94C9 /* MyProjectTests.xctest */;
			productType = "com.apple.product-type.bundle.unit-test";
		};
/* End PBXNativeTarget section */

/* Begin PBXProject section */
		BFBA57571790056800CD94C9 /* Project object */ = {
			isa = PBXProject;
			attributes = {
				LastUpgradeCheck = 0500;
				ORGANIZATIONNAME = "Lancy Norbert Fernandes";
				TargetAttributes = {
					BFBA577F1790056800CD94C9 = {
						TestTargetID = BFBA575E1790056800CD94C9;
					};
				};
			};
			buildConfigurationList = BFBA575A1790056800CD94C9 /* Build configuration list for PBXProject "MyProject" */;
			compatibilityVersion = "Xcode 3.2";
			developmentRegion = English;
			hasScannedForEncodings = 0;
			knownRegions = (
				en,
				Base,
			);
			mainGroup = BFBA57561790056800CD94C9;
			productRefGroup = BFBA57601790056800CD94C9 /* Products */;
			projectDirPath = "";
			projectRoot = "";
			targets = (
				BFBA575E1790056800CD94C9 /* MyProject */,
				BFBA577F1790056800CD94C9 /* MyProjectTests */,
			);
		};
/* End PBXProject section */

/* Begin PBXResourcesBuildPhase section */
		BFBA575D1790056800CD94C9 /* Resources */ = {
			isa = PBXResourcesBuildPhase;
			buildActionMask = 2147483647;
			files = (
				BFBA577B1790056800CD94C9 /* Images.xcassets in Resources */,
				BFBA576D1790056800CD94C9 /* InfoPlist.strings in Resources */,
				BFBA57761790056800CD94C9 /* Main.storyboard in Resources */,
			);
			runOnlyForDeploymentPostprocessing = 0;
		};
		BFBA577E1790056800CD94C9 /* Resources */ = {
			isa = PBXResourcesBuildPhase;
			buildActionMask = 2147483647;
			files = (
				BFBA578C1790056800CD94C9 /* InfoPlist.strings in Resources */,
			);
			runOnlyForDeploymentPostprocessing = 0;
		};
/* End PBXResourcesBuildPhase section */

/* Begin PBXSourcesBuildPhase section */
		BFBA575B1790056800CD94C9 /* Sources */ = {
			isa = PBXSourcesBuildPhase;
			buildActionMask = 2147483647;
			files = (
				BFBA57791790056800CD94C9 /* ViewController.m in Sources */,
				BFBA57731790056800CD94C9 /* AppDelegate.m in Sources */,
				BFBA576F1790056800CD94C9 /* main.m in Sources */,
			);
			runOnlyForDeploymentPostprocessing = 0;
		};
		BFBA577C1790056800CD94C9 /* Sources */ = {
			isa = PBXSourcesBuildPhase;
			buildActionMask = 2147483647;
			files = (
				BFBA578E1790056800CD94C9 /* MyProjectTests.m in Sources */,
			);
			runOnlyForDeploymentPostprocessing = 0;
		};
/* End PBXSourcesBuildPhase section */

/* Begin PBXTargetDependency section */
		BFBA57861790056800CD94C9 /* PBXTargetDependency */ = {
			isa = PBXTargetDependency;
			target = BFBA575E1790056800CD94C9 /* MyProject */;
			targetProxy = BFBA57851790056800CD94C9 /* PBXContainerItemProxy */;
		};
/* End PBXTargetDependency section */

/* Begin PBXVariantGroup section */
		BFBA576B1790056800CD94C9 /* InfoPlist.strings */ = {
			isa = PBXVariantGroup;
			children = (
				BFBA576C1790056800CD94C9 /* en */,
			);
			name = InfoPlist.strings;
			sourceTree = "<group>";
		};
		BFBA57741790056800CD94C9 /* Main.storyboard */ = {
			isa = PBXVariantGroup;
			children = (
				BFBA57751790056800CD94C9 /* Base */,
			);
			name = Main.storyboard;
			sourceTree = "<group>";
		};
		BFBA578A1790056800CD94C9 /* InfoPlist.strings */ = {
			isa = PBXVariantGroup;
			children = (
				BFBA578B1790056800CD94C9 /* en */,
			);
			name = InfoPlist.strings;
			sourceTree = "<group>";
		};
/* End PBXVariantGroup section */

/* Begin XCBuildConfiguration section */
		BFBA578F1790056800CD94C9 /* Debug */ = {
			isa = XCBuildConfiguration;
			buildSettings = {
				ALWAYS_SEARCH_USER_PATHS = NO;
				CLANG_CXX_LANGUAGE_STANDARD = "gnu++0x";
				CLANG_CXX_LIBRARY = "libc++";
				CLANG_ENABLE_MODULES = YES;
				CLANG_ENABLE_OBJC_ARC = YES;
				CLANG_WARN_BOOL_CONVERSION = YES;
				CLANG_WARN_CONSTANT_CONVERSION = YES;
				CLANG_WARN_DIRECT_OBJC_ISA_USAGE = YES_ERROR;
				CLANG_WARN_EMPTY_BODY = YES;
				CLANG_WARN_ENUM_CONVERSION = YES;
				CLANG_WARN_INT_CONVERSION = YES;
				CLANG_WARN_OBJC_ROOT_CLASS = YES_ERROR;
				CLANG_WARN__DUPLICATE_METHOD_MATCH = YES;
				"CODE_SIGN_IDENTITY[sdk=iphoneos*]" = "iPhone Developer";
				COPY_PHASE_STRIP = NO;
				GCC_C_LANGUAGE_STANDARD = gnu99;
				GCC_DYNAMIC_NO_PIC = NO;
				GCC_OPTIMIZATION_LEVEL = 0;
				GCC_PREPROCESSOR_DEFINITIONS = (
					"DEBUG=1",
					"$(inherited)",
				);
				GCC_SYMBOLS_PRIVATE_EXTERN = NO;
				GCC_WARN_ABOUT_RETURN_TYPE = YES_ERROR;
				GCC_WARN_UNDECLARED_SELECTOR = YES;
				GCC_WARN_UNINITIALIZED_AUTOS = YES;
				GCC_WARN_UNUSED_FUNCTION = YES;
				GCC_WARN_UNUSED_VARIABLE = YES;
				IPHONEOS_DEPLOYMENT_TARGET = 7.0;
				ONLY_ACTIVE_ARCH = YES;
				SDKROOT = iphoneos;
			};
			name = Debug;
		};
		BFBA57901790056800CD94C9 /* Release */ = {
			isa = XCBuildConfiguration;
			buildSettings = {
				ALWAYS_SEARCH_USER_PATHS = NO;
				CLANG_CXX_LANGUAGE_STANDARD = "gnu++0x";
				CLANG_CXX_LIBRARY = "libc++";
				CLANG_ENABLE_MODULES = YES;
				CLANG_ENABLE_OBJC_ARC = YES;
				CLANG_WARN_BOOL_CONVERSION = YES;
				CLANG_WARN_CONSTANT_CONVERSION = YES;
				CLANG_WARN_DIRECT_OBJC_ISA_USAGE = YES_ERROR;
				CLANG_WARN_EMPTY_BODY = YES;
				CLANG_WARN_ENUM_CONVERSION = YES;
				CLANG_WARN_INT_CONVERSION = YES;
				CLANG_WARN_OBJC_ROOT_CLASS = YES_ERROR;
				CLANG_WARN__DUPLICATE_METHOD_MATCH = YES;
				"CODE_SIGN_IDENTITY[sdk=iphoneos*]" = "iPhone Developer";
				COPY_PHASE_STRIP = YES;
				ENABLE_NS_ASSERTIONS = NO;
				GCC_C_LANGUAGE_STANDARD = gnu99;
				GCC_WARN_ABOUT_RETURN_TYPE = YES_ERROR;
				GCC_WARN_UNDECLARED_SELECTOR = YES;
				GCC_WARN_UNINITIALIZED_AUTOS = YES;
				GCC_WARN_UNUSED_FUNCTION = YES;
				GCC_WARN_UNUSED_VARIABLE = YES;
				IPHONEOS_DEPLOYMENT_TARGET = 7.0;
				SDKROOT = iphoneos;
				VALIDATE_PRODUCT = YES;
			};
			name = Release;
		};
		BFBA57921790056800CD94C9 /* Debug */ = {
			isa = XCBuildConfiguration;
			buildSettings = {
				ASSETCATALOG_COMPILER_APPICON_NAME = AppIcon;
				ASSETCATALOG_COMPILER_LAUNCHIMAGE_NAME = LaunchImage;
				GCC_PRECOMPILE_PREFIX_HEADER = YES;
				GCC_PREFIX_HEADER = "MyProject/MyProject-Prefix.pch";
				INFOPLIST_FILE = "MyProject/MyProject-Info.plist";
				PRODUCT_NAME = "$(TARGET_NAME)";
				WRAPPER_EXTENSION = app;
			};
			name = Debug;
		};
		BFBA57931790056800CD94C9 /* Release */ = {
			isa = XCBuildConfiguration;
			buildSettings = {
				ASSETCATALOG_COMPILER_APPICON_NAME = AppIcon;
				ASSETCATALOG_COMPILER_LAUNCHIMAGE_NAME = LaunchImage;
				GCC_PRECOMPILE_PREFIX_HEADER = YES;
				GCC_PREFIX_HEADER = "MyProject/MyProject-Prefix.pch";
				INFOPLIST_FILE = "MyProject/MyProject-Info.plist";
				PRODUCT_NAME = "$(TARGET_NAME)";
				WRAPPER_EXTENSION = app;
			};
			name = Release;
		};
		BFBA57951790056800CD94C9 /* Debug */ = {
			isa = XCBuildConfiguration;
			buildSettings = {
				BUNDLE_LOADER = "$(BUILT_PRODUCTS_DIR)/MyProject.app/MyProject";
				FRAMEWORK_SEARCH_PATHS = (
					"$(SDKROOT)/Developer/Library/Frameworks",
					"$(inherited)",
					"$(SYSTEM_APPS_DIR)/Xcode5-DP2.app/Contents/Developer/Library/Frameworks",
				);
				GCC_PRECOMPILE_PREFIX_HEADER = YES;
				GCC_PREFIX_HEADER = "MyProject/MyProject-Prefix.pch";
				GCC_PREPROCESSOR_DEFINITIONS = (
					"DEBUG=1",
					"$(inherited)",
				);
				INFOPLIST_FILE = "MyProjectTests/MyProjectTests-Info.plist";
				PRODUCT_NAME = "$(TARGET_NAME)";
				TEST_HOST = "$(BUNDLE_LOADER)";
				WRAPPER_EXTENSION = xctest;
			};
			name = Debug;
		};
		BFBA57961790056800CD94C9 /* Release */ = {
			isa = XCBuildConfiguration;
			buildSettings = {
				BUNDLE_LOADER = "$(BUILT_PRODUCTS_DIR)/MyProject.app/MyProject";
				FRAMEWORK_SEARCH_PATHS = (
					"$(SDKROOT)/Developer/Library/Frameworks",
					"$(inherited)",
					"$(SYSTEM_APPS_DIR)/Xcode5-DP2.app/Contents/Developer/Library/Frameworks",
				);
				GCC_PRECOMPILE_PREFIX_HEADER = YES;
				GCC_PREFIX_HEADER = "MyProject/MyProject-Prefix.pch";
				INFOPLIST_FILE = "MyProjectTests/MyProjectTests-Info.plist";
				PRODUCT_NAME = "$(TARGET_NAME)";
				TEST_HOST = "$(BUNDLE_LOADER)";
				WRAPPER_EXTENSION = xctest;
			};
			name = Release;
		};
/* End XCBuildConfiguration section */

/* Begin XCConfigurationList section */
		BFBA575A1790056800CD94C9 /* Build configuration list for PBXProject "MyProject" */ = {
			isa = XCConfigurationList;
			buildConfigurations = (
				BFBA578F1790056800CD94C9 /* Debug */,
				BFBA57901790056800CD94C9 /* Release */,
			);
			defaultConfigurationIsVisible = 0;
			defaultConfigurationName = Release;
		};
		BFBA57911790056800CD94C9 /* Build configuration list for PBXNativeTarget "MyProject" */ = {
			isa = XCConfigurationList;
			buildConfigurations = (
				BFBA57921790056800CD94C9 /* Debug */,
				BFBA57931790056800CD94C9 /* Release */,
			);
			defaultConfigurationIsVisible = 0;
		};
		BFBA57941790056800CD94C9 /* Build configuration list for PBXNativeTarget "MyProjectTests" */ = {
			isa = XCConfigurationList;
			buildConfigurations = (
				BFBA57951790056800CD94C9 /* Debug */,
				BFBA57961790056800CD94C9 /* Release */,
			);
			defaultConfigurationIsVisible = 0;
		};
/* End XCConfigurationList section */
	};
	rootObject = BFBA57571790056800CD94C9 /* Project object */;
}
